
Microsoft Visual Studio Solution File, Format Version 12.00
Project("{FAE04EC0-301F-11D3-BF4B-00C04F79EFBC}") = "AlliumSativum", "AlliumSativum\AlliumSativum.csproj", "{0EA5C158-9F77-4DC2-866E-B9976BE249E0}"
EndProject
Project("{FAE04EC0-301F-11D3-BF4B-00C04F79EFBC}") = "AlliumSativum.Wrapper.SQL", "AlliumSativum.Wrapper.SQL\AlliumSativum.Wrapper.SQL.csproj", "{4E1AE90A-E034-491C-B21F-FE662157CA65}"
EndProject
Project("{FAE04EC0-301F-11D3-BF4B-00C04F79EFBC}") = "AlliumSativum.Wrapper.REST", "AlliumSativum.Wrapper.REST\AlliumSativum.Wrapper.REST.csproj", "{E099D510-0FCD-486C-AEAE-A3255467A2A2}"
EndProject
Project("{2150E333-8FDC-42A3-9474-1A3956D46DE8}") = "Wrapper", "Wrapper", "{D1EF233B-C402-4574-8D1B-640F5ABA26BC}"
EndProject
Project("{FAE04EC0-301F-11D3-BF4B-00C04F79EFBC}") = "AlliumSativum.STAR", "AlliumSativum.STAR\AlliumSativum.STAR.csproj", "{090F4E5A-1FEC-47F7-9781-22113F8BA32B}"
EndProject
Global
	GlobalSection(SolutionConfigurationPlatforms) = preSolution
		Debug|Any CPU = Debug|Any CPU
		Release|Any CPU = Release|Any CPU
	EndGlobalSection
	GlobalSection(ProjectConfigurationPlatforms) = postSolution
		{0EA5C158-9F77-4DC2-866E-B9976BE249E0}.Debug|Any CPU.ActiveCfg = Debug|Any CPU
		{0EA5C158-9F77-4DC2-866E-B9976BE249E0}.Debug|Any CPU.Build.0 = Debug|Any CPU
		{0EA5C158-9F77-4DC2-866E-B9976BE249E0}.Release|Any CPU.ActiveCfg = Release|Any CPU
		{0EA5C158-9F77-4DC2-866E-B9976BE249E0}.Release|Any CPU.Build.0 = Release|Any CPU
		{4E1AE90A-E034-491C-B21F-FE662157CA65}.Debug|Any CPU.ActiveCfg = Debug|Any CPU
		{4E1AE90A-E034-491C-B21F-FE662157CA65}.Debug|Any CPU.Build.0 = Debug|Any CPU
		{4E1AE90A-E034-491C-B21F-FE662157CA65}.Release|Any CPU.ActiveCfg = Release|Any CPU
		{4E1AE90A-E034-491C-B21F-FE662157CA65}.Release|Any CPU.Build.0 = Release|Any CPU
		{E099D510-0FCD-486C-AEAE-A3255467A2A2}.Debug|Any CPU.ActiveCfg = Debug|Any CPU
		{E099D510-0FCD-486C-AEAE-A3255467A2A2}.Debug|Any CPU.Build.0 = Debug|Any CPU
		{E099D510-0FCD-486C-AEAE-A3255467A2A2}.Release|Any CPU.ActiveCfg = Release|Any CPU
		{E099D510-0FCD-486C-AEAE-A3255467A2A2}.Release|Any CPU.Build.0 = Release|Any CPU
		{090F4E5A-1FEC-47F7-9781-22113F8BA32B}.Debug|Any CPU.ActiveCfg = Debug|Any CPU
		{090F4E5A-1FEC-47F7-9781-22113F8BA32B}.Debug|Any CPU.Build.0 = Debug|Any CPU
		{090F4E5A-1FEC-47F7-9781-22113F8BA32B}.Release|Any CPU.ActiveCfg = Release|Any CPU
		{090F4E5A-1FEC-47F7-9781-22113F8BA32B}.Release|Any CPU.Build.0 = Release|Any CPU
	EndGlobalSection
	GlobalSection(NestedProjects) = preSolution
		{E099D510-0FCD-486C-AEAE-A3255467A2A2} = {D1EF233B-C402-4574-8D1B-640F5ABA26BC}
		{4E1AE90A-E034-491C-B21F-FE662157CA65} = {D1EF233B-C402-4574-8D1B-640F5ABA26BC}
	EndGlobalSection
EndGlobal
