
Microsoft Visual Studio Solution File, Format Version 12.00
Project("{FAE04EC0-301F-11D3-BF4B-00C04F79EFBC}") = "AlliumSativum.QueryPlanner", "AlliumSativum.QueryPlanner\AlliumSativum.QueryPlanner.csproj", "{0EA5C158-9F77-4DC2-866E-B9976BE249E0}"
EndProject
Project("{2150E333-8FDC-42A3-9474-1A3956D46DE8}") = "Test", "Test", "{A36F6308-248D-46B9-BE2A-91F9FA3314BA}"
EndProject
Project("{FAE04EC0-301F-11D3-BF4B-00C04F79EFBC}") = "QueryPlanner.Tests", "QueryPlanner.Tests\QueryPlanner.Tests.csproj", "{70DC5659-FED1-4412-BF99-006D7F974B30}"
EndProject
Project("{2150E333-8FDC-42A3-9474-1A3956D46DE8}") = "Connectors", "Connectors", "{512A5D2C-D936-47A5-97D5-059F96E7C46E}"
EndProject
Project("{FAE04EC0-301F-11D3-BF4B-00C04F79EFBC}") = "AlliumSativum.Connectors.PostgreSQL", "AlliumSativum.Connectors.PostgreSQL\AlliumSativum.Connectors.PostgreSQL.csproj", "{CD700CF0-3FA2-4CFD-AB30-A9747134522F}"
EndProject
Project("{FAE04EC0-301F-11D3-BF4B-00C04F79EFBC}") = "AlliumSativum.Connectors.Shared", "AlliumSativum.Connectors.Shared\AlliumSativum.Connectors.Shared.csproj", "{AD5E35D4-A196-4613-9257-E6D9352FE277}"
EndProject
Project("{FAE04EC0-301F-11D3-BF4B-00C04F79EFBC}") = "AlliumSativum.Shared", "AlliumSativum.Shared\AlliumSativum.Shared.csproj", "{E3CAB11B-6FA3-4978-9EA0-EEDA388CA682}"
EndProject
Project("{FAE04EC0-301F-11D3-BF4B-00C04F79EFBC}") = "AlliumSativum.QueryServer", "AlliumSativum.QueryServer\AlliumSativum.QueryServer.csproj", "{8CEE7349-3D7A-40B1-AF30-BCA18A61AFD4}"
EndProject
Project("{2150E333-8FDC-42A3-9474-1A3956D46DE8}") = "Workers", "Workers", "{1D8FF991-6C38-47A8-BE92-424247101159}"
EndProject
Project("{FAE04EC0-301F-11D3-BF4B-00C04F79EFBC}") = "AlliumSativum.Worker", "AlliumSativum.Worker\AlliumSativum.Worker.csproj", "{DC3DFF41-27ED-4B34-AFDE-4BA20AA11594}"
EndProject
Project("{FAE04EC0-301F-11D3-BF4B-00C04F79EFBC}") = "AlliumSativum.Worker.Proto", "AlliumSativum.Worker.Proto\AlliumSativum.Worker.Proto.csproj", "{81A3E3A7-9193-4086-9164-573D154D1155}"
EndProject
Project("{FAE04EC0-301F-11D3-BF4B-00C04F79EFBC}") = "AlliumSativum.Worker.Sdk", "AlliumSativum.Worker.Sdk\AlliumSativum.Worker.Sdk.csproj", "{D6812921-C08A-495A-8162-1F7490361469}"
EndProject
Project("{FAE04EC0-301F-11D3-BF4B-00C04F79EFBC}") = "AlliumSativum.AppHost", "AlliumSativum.AppHost\AlliumSativum.AppHost.csproj", "{E7399B7C-759E-4343-908F-1BBF3978FDF8}"
EndProject
Project("{FAE04EC0-301F-11D3-BF4B-00C04F79EFBC}") = "AlliumSativum.ServiceDefaults", "AlliumSativum.ServiceDefaults\AlliumSativum.ServiceDefaults.csproj", "{F1C46C3B-E5A3-42E5-AEB7-6ED606832FD2}"
EndProject
Project("{FAE04EC0-301F-11D3-BF4B-00C04F79EFBC}") = "AlliumSativum.Connectors.TicketSystem", "AlliumSativum.Connectors.TicketSystem\AlliumSativum.Connectors.TicketSystem.csproj", "{8C899B36-1201-41BB-9CDE-0B9A60036C28}"
EndProject
Global
	GlobalSection(SolutionConfigurationPlatforms) = preSolution
		Debug|Any CPU = Debug|Any CPU
		Release|Any CPU = Release|Any CPU
	EndGlobalSection
	GlobalSection(ProjectConfigurationPlatforms) = postSolution
		{0EA5C158-9F77-4DC2-866E-B9976BE249E0}.Debug|Any CPU.ActiveCfg = Debug|Any CPU
		{0EA5C158-9F77-4DC2-866E-B9976BE249E0}.Debug|Any CPU.Build.0 = Debug|Any CPU
		{0EA5C158-9F77-4DC2-866E-B9976BE249E0}.Release|Any CPU.ActiveCfg = Release|Any CPU
		{0EA5C158-9F77-4DC2-866E-B9976BE249E0}.Release|Any CPU.Build.0 = Release|Any CPU
		{70DC5659-FED1-4412-BF99-006D7F974B30}.Debug|Any CPU.ActiveCfg = Debug|Any CPU
		{70DC5659-FED1-4412-BF99-006D7F974B30}.Debug|Any CPU.Build.0 = Debug|Any CPU
		{70DC5659-FED1-4412-BF99-006D7F974B30}.Release|Any CPU.ActiveCfg = Release|Any CPU
		{70DC5659-FED1-4412-BF99-006D7F974B30}.Release|Any CPU.Build.0 = Release|Any CPU
		{CD700CF0-3FA2-4CFD-AB30-A9747134522F}.Debug|Any CPU.ActiveCfg = Debug|Any CPU
		{CD700CF0-3FA2-4CFD-AB30-A9747134522F}.Debug|Any CPU.Build.0 = Debug|Any CPU
		{CD700CF0-3FA2-4CFD-AB30-A9747134522F}.Release|Any CPU.ActiveCfg = Release|Any CPU
		{CD700CF0-3FA2-4CFD-AB30-A9747134522F}.Release|Any CPU.Build.0 = Release|Any CPU
		{AD5E35D4-A196-4613-9257-E6D9352FE277}.Debug|Any CPU.ActiveCfg = Debug|Any CPU
		{AD5E35D4-A196-4613-9257-E6D9352FE277}.Debug|Any CPU.Build.0 = Debug|Any CPU
		{AD5E35D4-A196-4613-9257-E6D9352FE277}.Release|Any CPU.ActiveCfg = Release|Any CPU
		{AD5E35D4-A196-4613-9257-E6D9352FE277}.Release|Any CPU.Build.0 = Release|Any CPU
		{E3CAB11B-6FA3-4978-9EA0-EEDA388CA682}.Debug|Any CPU.ActiveCfg = Debug|Any CPU
		{E3CAB11B-6FA3-4978-9EA0-EEDA388CA682}.Debug|Any CPU.Build.0 = Debug|Any CPU
		{E3CAB11B-6FA3-4978-9EA0-EEDA388CA682}.Release|Any CPU.ActiveCfg = Release|Any CPU
		{E3CAB11B-6FA3-4978-9EA0-EEDA388CA682}.Release|Any CPU.Build.0 = Release|Any CPU
		{8CEE7349-3D7A-40B1-AF30-BCA18A61AFD4}.Debug|Any CPU.ActiveCfg = Debug|Any CPU
		{8CEE7349-3D7A-40B1-AF30-BCA18A61AFD4}.Debug|Any CPU.Build.0 = Debug|Any CPU
		{8CEE7349-3D7A-40B1-AF30-BCA18A61AFD4}.Release|Any CPU.ActiveCfg = Release|Any CPU
		{8CEE7349-3D7A-40B1-AF30-BCA18A61AFD4}.Release|Any CPU.Build.0 = Release|Any CPU
		{DC3DFF41-27ED-4B34-AFDE-4BA20AA11594}.Debug|Any CPU.ActiveCfg = Debug|Any CPU
		{DC3DFF41-27ED-4B34-AFDE-4BA20AA11594}.Debug|Any CPU.Build.0 = Debug|Any CPU
		{DC3DFF41-27ED-4B34-AFDE-4BA20AA11594}.Release|Any CPU.ActiveCfg = Release|Any CPU
		{DC3DFF41-27ED-4B34-AFDE-4BA20AA11594}.Release|Any CPU.Build.0 = Release|Any CPU
		{81A3E3A7-9193-4086-9164-573D154D1155}.Debug|Any CPU.ActiveCfg = Debug|Any CPU
		{81A3E3A7-9193-4086-9164-573D154D1155}.Debug|Any CPU.Build.0 = Debug|Any CPU
		{81A3E3A7-9193-4086-9164-573D154D1155}.Release|Any CPU.ActiveCfg = Release|Any CPU
		{81A3E3A7-9193-4086-9164-573D154D1155}.Release|Any CPU.Build.0 = Release|Any CPU
		{D6812921-C08A-495A-8162-1F7490361469}.Debug|Any CPU.ActiveCfg = Debug|Any CPU
		{D6812921-C08A-495A-8162-1F7490361469}.Debug|Any CPU.Build.0 = Debug|Any CPU
		{D6812921-C08A-495A-8162-1F7490361469}.Release|Any CPU.ActiveCfg = Release|Any CPU
		{D6812921-C08A-495A-8162-1F7490361469}.Release|Any CPU.Build.0 = Release|Any CPU
		{E7399B7C-759E-4343-908F-1BBF3978FDF8}.Debug|Any CPU.ActiveCfg = Debug|Any CPU
		{E7399B7C-759E-4343-908F-1BBF3978FDF8}.Debug|Any CPU.Build.0 = Debug|Any CPU
		{E7399B7C-759E-4343-908F-1BBF3978FDF8}.Release|Any CPU.ActiveCfg = Release|Any CPU
		{E7399B7C-759E-4343-908F-1BBF3978FDF8}.Release|Any CPU.Build.0 = Release|Any CPU
		{F1C46C3B-E5A3-42E5-AEB7-6ED606832FD2}.Debug|Any CPU.ActiveCfg = Debug|Any CPU
		{F1C46C3B-E5A3-42E5-AEB7-6ED606832FD2}.Debug|Any CPU.Build.0 = Debug|Any CPU
		{F1C46C3B-E5A3-42E5-AEB7-6ED606832FD2}.Release|Any CPU.ActiveCfg = Release|Any CPU
		{F1C46C3B-E5A3-42E5-AEB7-6ED606832FD2}.Release|Any CPU.Build.0 = Release|Any CPU
		{8C899B36-1201-41BB-9CDE-0B9A60036C28}.Debug|Any CPU.ActiveCfg = Debug|Any CPU
		{8C899B36-1201-41BB-9CDE-0B9A60036C28}.Debug|Any CPU.Build.0 = Debug|Any CPU
		{8C899B36-1201-41BB-9CDE-0B9A60036C28}.Release|Any CPU.ActiveCfg = Release|Any CPU
		{8C899B36-1201-41BB-9CDE-0B9A60036C28}.Release|Any CPU.Build.0 = Release|Any CPU
	EndGlobalSection
	GlobalSection(NestedProjects) = preSolution
		{70DC5659-FED1-4412-BF99-006D7F974B30} = {A36F6308-248D-46B9-BE2A-91F9FA3314BA}
		{CD700CF0-3FA2-4CFD-AB30-A9747134522F} = {512A5D2C-D936-47A5-97D5-059F96E7C46E}
		{AD5E35D4-A196-4613-9257-E6D9352FE277} = {512A5D2C-D936-47A5-97D5-059F96E7C46E}
		{512A5D2C-D936-47A5-97D5-059F96E7C46E} = {1D8FF991-6C38-47A8-BE92-424247101159}
		{DC3DFF41-27ED-4B34-AFDE-4BA20AA11594} = {1D8FF991-6C38-47A8-BE92-424247101159}
		{81A3E3A7-9193-4086-9164-573D154D1155} = {1D8FF991-6C38-47A8-BE92-424247101159}
		{D6812921-C08A-495A-8162-1F7490361469} = {1D8FF991-6C38-47A8-BE92-424247101159}
		{8C899B36-1201-41BB-9CDE-0B9A60036C28} = {512A5D2C-D936-47A5-97D5-059F96E7C46E}
	EndGlobalSection
EndGlobal
